
Microsoft Visual Studio Solution File, Format Version 12.00
# Visual Studio Version 17
VisualStudioVersion = 17.7.34202.233
MinimumVisualStudioVersion = 10.0.40219.1
Project("{8BC9CEB8-8B4A-11D0-8D11-00A0C91BC942}") = "WinAPI", "WinAPI\WinAPI.vcxproj", "{E63058A5-F56C-491E-9239-C6F07EFD7DD6}"
EndProject
Project("{8BC9CEB8-8B4A-11D0-8D11-00A0C91BC942}") = "ComboBox", "ComboBox\ComboBox.vcxproj", "{019EFFD9-80CE-4DBF-9172-C05DF63E3B1B}"
EndProject
Project("{8BC9CEB8-8B4A-11D0-8D11-00A0C91BC942}") = "ListBox", "ListBox\ListBox.vcxproj", "{06B49744-0C87-40D4-AB24-A5C26C92B3DF}"
EndProject
Project("{8BC9CEB8-8B4A-11D0-8D11-00A0C91BC942}") = "MainWindow", "MainWindow\MainWindow.vcxproj", "{0E921C7A-2D37-4016-80EE-178DA9C2A2C4}"
EndProject
Project("{8BC9CEB8-8B4A-11D0-8D11-00A0C91BC942}") = "FeedbackGenerator", "FeedbackGenerator\FeedbackGenerator.vcxproj", "{B2DE55F6-14C0-4463-900E-561F3C5DC8BA}"
EndProject
Project("{8BC9CEB8-8B4A-11D0-8D11-00A0C91BC942}") = "Calc", "Calc\Calc.vcxproj", "{9BB66A92-25F7-47D6-8512-FF2A54AC3EF4}"
EndProject
Global
	GlobalSection(SolutionConfigurationPlatforms) = preSolution
		Debug|x64 = Debug|x64
		Debug|x86 = Debug|x86
		Release|x64 = Release|x64
		Release|x86 = Release|x86
	EndGlobalSection
	GlobalSection(ProjectConfigurationPlatforms) = postSolution
		{E63058A5-F56C-491E-9239-C6F07EFD7DD6}.Debug|x64.ActiveCfg = Debug|x64
		{E63058A5-F56C-491E-9239-C6F07EFD7DD6}.Debug|x64.Build.0 = Debug|x64
		{E63058A5-F56C-491E-9239-C6F07EFD7DD6}.Debug|x86.ActiveCfg = Debug|Win32
		{E63058A5-F56C-491E-9239-C6F07EFD7DD6}.Debug|x86.Build.0 = Debug|Win32
		{E63058A5-F56C-491E-9239-C6F07EFD7DD6}.Release|x64.ActiveCfg = Release|x64
		{E63058A5-F56C-491E-9239-C6F07EFD7DD6}.Release|x64.Build.0 = Release|x64
		{E63058A5-F56C-491E-9239-C6F07EFD7DD6}.Release|x86.ActiveCfg = Release|Win32
		{E63058A5-F56C-491E-9239-C6F07EFD7DD6}.Release|x86.Build.0 = Release|Win32
		{019EFFD9-80CE-4DBF-9172-C05DF63E3B1B}.Debug|x64.ActiveCfg = Debug|x64
		{019EFFD9-80CE-4DBF-9172-C05DF63E3B1B}.Debug|x64.Build.0 = Debug|x64
		{019EFFD9-80CE-4DBF-9172-C05DF63E3B1B}.Debug|x86.ActiveCfg = Debug|Win32
		{019EFFD9-80CE-4DBF-9172-C05DF63E3B1B}.Debug|x86.Build.0 = Debug|Win32
		{019EFFD9-80CE-4DBF-9172-C05DF63E3B1B}.Release|x64.ActiveCfg = Release|x64
		{019EFFD9-80CE-4DBF-9172-C05DF63E3B1B}.Release|x64.Build.0 = Release|x64
		{019EFFD9-80CE-4DBF-9172-C05DF63E3B1B}.Release|x86.ActiveCfg = Release|Win32
		{019EFFD9-80CE-4DBF-9172-C05DF63E3B1B}.Release|x86.Build.0 = Release|Win32
		{06B49744-0C87-40D4-AB24-A5C26C92B3DF}.Debug|x64.ActiveCfg = Debug|x64
		{06B49744-0C87-40D4-AB24-A5C26C92B3DF}.Debug|x64.Build.0 = Debug|x64
		{06B49744-0C87-40D4-AB24-A5C26C92B3DF}.Debug|x86.ActiveCfg = Debug|Win32
		{06B49744-0C87-40D4-AB24-A5C26C92B3DF}.Debug|x86.Build.0 = Debug|Win32
		{06B49744-0C87-40D4-AB24-A5C26C92B3DF}.Release|x64.ActiveCfg = Release|x64
		{06B49744-0C87-40D4-AB24-A5C26C92B3DF}.Release|x64.Build.0 = Release|x64
		{06B49744-0C87-40D4-AB24-A5C26C92B3DF}.Release|x86.ActiveCfg = Release|Win32
		{06B49744-0C87-40D4-AB24-A5C26C92B3DF}.Release|x86.Build.0 = Release|Win32
		{0E921C7A-2D37-4016-80EE-178DA9C2A2C4}.Debug|x64.ActiveCfg = Debug|x64
		{0E921C7A-2D37-4016-80EE-178DA9C2A2C4}.Debug|x64.Build.0 = Debug|x64
		{0E921C7A-2D37-4016-80EE-178DA9C2A2C4}.Debug|x86.ActiveCfg = Debug|Win32
		{0E921C7A-2D37-4016-80EE-178DA9C2A2C4}.Debug|x86.Build.0 = Debug|Win32
		{0E921C7A-2D37-4016-80EE-178DA9C2A2C4}.Release|x64.ActiveCfg = Release|x64
		{0E921C7A-2D37-4016-80EE-178DA9C2A2C4}.Release|x64.Build.0 = Release|x64
		{0E921C7A-2D37-4016-80EE-178DA9C2A2C4}.Release|x86.ActiveCfg = Release|Win32
		{0E921C7A-2D37-4016-80EE-178DA9C2A2C4}.Release|x86.Build.0 = Release|Win32
		{B2DE55F6-14C0-4463-900E-561F3C5DC8BA}.Debug|x64.ActiveCfg = Debug|x64
		{B2DE55F6-14C0-4463-900E-561F3C5DC8BA}.Debug|x64.Build.0 = Debug|x64
		{B2DE55F6-14C0-4463-900E-561F3C5DC8BA}.Debug|x86.ActiveCfg = Debug|Win32
		{B2DE55F6-14C0-4463-900E-561F3C5DC8BA}.Debug|x86.Build.0 = Debug|Win32
		{B2DE55F6-14C0-4463-900E-561F3C5DC8BA}.Release|x64.ActiveCfg = Release|x64
		{B2DE55F6-14C0-4463-900E-561F3C5DC8BA}.Release|x64.Build.0 = Release|x64
		{B2DE55F6-14C0-4463-900E-561F3C5DC8BA}.Release|x86.ActiveCfg = Release|Win32
		{B2DE55F6-14C0-4463-900E-561F3C5DC8BA}.Release|x86.Build.0 = Release|Win32
		{9BB66A92-25F7-47D6-8512-FF2A54AC3EF4}.Debug|x64.ActiveCfg = Debug|x64
		{9BB66A92-25F7-47D6-8512-FF2A54AC3EF4}.Debug|x64.Build.0 = Debug|x64
		{9BB66A92-25F7-47D6-8512-FF2A54AC3EF4}.Debug|x86.ActiveCfg = Debug|Win32
		{9BB66A92-25F7-47D6-8512-FF2A54AC3EF4}.Debug|x86.Build.0 = Debug|Win32
		{9BB66A92-25F7-47D6-8512-FF2A54AC3EF4}.Release|x64.ActiveCfg = Release|x64
		{9BB66A92-25F7-47D6-8512-FF2A54AC3EF4}.Release|x64.Build.0 = Release|x64
		{9BB66A92-25F7-47D6-8512-FF2A54AC3EF4}.Release|x86.ActiveCfg = Release|Win32
		{9BB66A92-25F7-47D6-8512-FF2A54AC3EF4}.Release|x86.Build.0 = Release|Win32
	EndGlobalSection
	GlobalSection(SolutionProperties) = preSolution
		HideSolutionNode = FALSE
	EndGlobalSection
	GlobalSection(ExtensibilityGlobals) = postSolution
		SolutionGuid = {C90A4E8D-2003-48E9-83D6-E9DED4E43AB8}
	EndGlobalSection
EndGlobal
